{
  "name": "suzhouappointment2024",
  "version": "1.0.0",
  "lockfileVersion": 2,
  "requires": true,
  "packages": {
    "": {
      "name": "suzhouappointment2024",
      "version": "1.0.0",
      "license": "ISC",
      "dependencies": {
        "mini-i18n": "github:Shawn-zhao/mini-i18n"
      }
    },
    "node_modules/mini-i18n": {
      "version": "0.0.5",
      "resolved": "git+ssh://git@github.com/Shawn-zhao/mini-i18n.git#ffae67fa0f59f827974d4941a4d39d0286f2585e"
    }
  },
  "dependencies": {
    "mini-i18n": {
      "version": "git+ssh://git@github.com/Shawn-zhao/mini-i18n.git#ffae67fa0f59f827974d4941a4d39d0286f2585e",
      "from": "mini-i18n@Shawn-zhao/mini-i18n"
    }
  }
}